
Microsoft Visual Studio Solution File, Format Version 12.00
# Visual Studio Version 17
VisualStudioVersion = 17.3.32819.101
MinimumVisualStudioVersion = 10.0.40219.1
Project("{9A19103F-16F7-4668-BE54-9A1E7A4F7556}") = "ReactMaaserTrackerMUI-Starter.Web", "ReactMaaserTrackerMUI-Starter.Web\ReactMaaserTrackerMUI-Starter.Web.csproj", "{C7E95548-ABA3-4F0F-BE65-8A23DB750751}"
EndProject
Project("{FAE04EC0-301F-11D3-BF4B-00C04F79EFBC}") = "ReactMaaserTrackerMUI-Starter.Data", "ReactMaaserTrackerMUI-Starter.Data\ReactMaaserTrackerMUI-Starter.Data.csproj", "{A2EF0011-95D1-4D6B-8299-EB76CA90B2F4}"
EndProject
Global
	GlobalSection(SolutionConfigurationPlatforms) = preSolution
		Debug|Any CPU = Debug|Any CPU
		Release|Any CPU = Release|Any CPU
	EndGlobalSection
	GlobalSection(ProjectConfigurationPlatforms) = postSolution
		{C7E95548-ABA3-4F0F-BE65-8A23DB750751}.Debug|Any CPU.ActiveCfg = Debug|Any CPU
		{C7E95548-ABA3-4F0F-BE65-8A23DB750751}.Debug|Any CPU.Build.0 = Debug|Any CPU
		{C7E95548-ABA3-4F0F-BE65-8A23DB750751}.Release|Any CPU.ActiveCfg = Release|Any CPU
		{C7E95548-ABA3-4F0F-BE65-8A23DB750751}.Release|Any CPU.Build.0 = Release|Any CPU
		{A2EF0011-95D1-4D6B-8299-EB76CA90B2F4}.Debug|Any CPU.ActiveCfg = Debug|Any CPU
		{A2EF0011-95D1-4D6B-8299-EB76CA90B2F4}.Debug|Any CPU.Build.0 = Debug|Any CPU
		{A2EF0011-95D1-4D6B-8299-EB76CA90B2F4}.Release|Any CPU.ActiveCfg = Release|Any CPU
		{A2EF0011-95D1-4D6B-8299-EB76CA90B2F4}.Release|Any CPU.Build.0 = Release|Any CPU
	EndGlobalSection
	GlobalSection(SolutionProperties) = preSolution
		HideSolutionNode = FALSE
	EndGlobalSection
	GlobalSection(ExtensibilityGlobals) = postSolution
		SolutionGuid = {A2B53955-B0AF-4308-8C72-A59B78367EDA}
	EndGlobalSection
EndGlobal
